
Microsoft Visual Studio Solution File, Format Version 12.00
# Visual Studio Version 17
VisualStudioVersion = 17.4.33213.308
MinimumVisualStudioVersion = 10.0.40219.1
Project("{9A19103F-16F7-4668-BE54-9A1E7A4F7556}") = "Viewer3D", "Viewer3D.csproj", "{B02A657F-6F0A-46B7-846E-F5A30C00B8F7}"
EndProject
Global
	GlobalSection(SolutionConfigurationPlatforms) = preSolution
		Debug|Any CPU = Debug|Any CPU
		Release|Any CPU = Release|Any CPU
	EndGlobalSection
	GlobalSection(ProjectConfigurationPlatforms) = postSolution
		{B02A657F-6F0A-46B7-846E-F5A30C00B8F7}.Debug|Any CPU.ActiveCfg = Debug|Any CPU
		{B02A657F-6F0A-46B7-846E-F5A30C00B8F7}.Debug|Any CPU.Build.0 = Debug|Any CPU
		{B02A657F-6F0A-46B7-846E-F5A30C00B8F7}.Release|Any CPU.ActiveCfg = Release|Any CPU
		{B02A657F-6F0A-46B7-846E-F5A30C00B8F7}.Release|Any CPU.Build.0 = Release|Any CPU
	EndGlobalSection
	GlobalSection(SolutionProperties) = preSolution
		HideSolutionNode = FALSE
	EndGlobalSection
	GlobalSection(ExtensibilityGlobals) = postSolution
		SolutionGuid = {41E41942-FD05-48F6-A075-A272DAFCD994}
	EndGlobalSection
EndGlobal
